# THIS IS AN AUTOGENERATED FILE. DO NOT EDIT THIS FILE DIRECTLY.
# yarn lockfile v1


animejs@1.1.1:
  version "1.1.1"
  resolved "https://registry.yarnpkg.com/animejs/-/animejs-1.1.1.tgz#be910a58735b467a52ccd858ea60f02f877bd92e"

react-anime@^0.3.4:
  version "0.3.4"
  resolved "https://registry.yarnpkg.com/react-anime/-/react-anime-0.3.4.tgz#e11c9d0b79b09bbfdc98b5f4a04b6004530ef683"
  dependencies:
    animejs "1.1.1"
